
Microsoft Visual Studio Solution File, Format Version 12.00
# Visual Studio 2013
VisualStudioVersion = 12.0.21005.1
MinimumVisualStudioVersion = 10.0.40219.1
Project("{FAE04EC0-301F-11D3-BF4B-00C04F79EFBC}") = "01.OddOrEvenIntegers", "OddOrEvenIntegers\01.OddOrEvenIntegers.csproj", "{9522117C-00FA-4486-A7CD-1AB45C172AF1}"
EndProject
Project("{FAE04EC0-301F-11D3-BF4B-00C04F79EFBC}") = "02.GravitationOnTheMoon", "GravitationOnTheMoon\02.GravitationOnTheMoon.csproj", "{D7FF680F-3B3C-4AE3-932F-691494325212}"
EndProject
Project("{FAE04EC0-301F-11D3-BF4B-00C04F79EFBC}") = "03.DivideBySevenAndFive", "DivideBySevenAndFive\03.DivideBySevenAndFive.csproj", "{689F6F77-8669-4B85-AFF3-9D6726BD51D7}"
EndProject
Project("{FAE04EC0-301F-11D3-BF4B-00C04F79EFBC}") = "04.Rectangles", "Rectangles\04.Rectangles.csproj", "{F61623FD-1AAA-4929-B38B-C6AB6B22718D}"
EndProject
Project("{FAE04EC0-301F-11D3-BF4B-00C04F79EFBC}") = "05.ThirdDigitIsSeven", "ThirdDigitIsSeven\05.ThirdDigitIsSeven.csproj", "{FD498C87-3006-4044-B0AA-AEF5F43262B6}"
EndProject
Project("{FAE04EC0-301F-11D3-BF4B-00C04F79EFBC}") = "06.FourDigitNumber", "FourDigitNumber\06.FourDigitNumber.csproj", "{9A0003B7-1AF0-4E6E-ACEE-7F71B7C6AEDC}"
EndProject
Project("{FAE04EC0-301F-11D3-BF4B-00C04F79EFBC}") = "07.PointInACircle", "PointInACircle\07.PointInACircle.csproj", "{97EC43E9-915D-4A27-81E5-82C42D012360}"
EndProject
Project("{FAE04EC0-301F-11D3-BF4B-00C04F79EFBC}") = "08.PrimeNumberCheck", "PrimeNumberCheck\08.PrimeNumberCheck.csproj", "{A5782E6A-78F4-4523-A8FC-9F6ED4234058}"
EndProject
Project("{FAE04EC0-301F-11D3-BF4B-00C04F79EFBC}") = "09.Trapezoids", "Trapezoids\09.Trapezoids.csproj", "{F05D0F94-C99F-48C4-AC1F-23D02492556B}"
EndProject
Project("{FAE04EC0-301F-11D3-BF4B-00C04F79EFBC}") = "10.PointInsideACircleAndOutsideOfARectangle", "PointInsideACircleAndOutsideOfARectangle\10.PointInsideACircleAndOutsideOfARectangle.csproj", "{F90F90DC-CA12-418D-BE10-A960165AF048}"
EndProject
Project("{FAE04EC0-301F-11D3-BF4B-00C04F79EFBC}") = "11.BitwiseExtractBitThree", "BitwiseExtractBitThree\11.BitwiseExtractBitThree.csproj", "{C3D2C1AC-DB8B-4E10-B941-4B27D0A23792}"
EndProject
Project("{FAE04EC0-301F-11D3-BF4B-00C04F79EFBC}") = "12.ExtractBitFromInteger", "ExtractBitFromInteger\12.ExtractBitFromInteger.csproj", "{F3C98059-89A3-460E-8D2C-3F29EF02497F}"
EndProject
Project("{FAE04EC0-301F-11D3-BF4B-00C04F79EFBC}") = "13.CheckABitAtGivenPosition", "CheckABitAtGivenPosition\13.CheckABitAtGivenPosition.csproj", "{146F770F-1EFD-46B2-BFEF-FF14061BCEB6}"
EndProject
Project("{FAE04EC0-301F-11D3-BF4B-00C04F79EFBC}") = "14.ModifyABitAtGivenPosition", "ModifyABitAtGivenPosition\14.ModifyABitAtGivenPosition.csproj", "{6753CFB4-1D2F-4A5F-8E5B-658B80E77ABB}"
EndProject
Project("{FAE04EC0-301F-11D3-BF4B-00C04F79EFBC}") = "15.BitsExchange", "BitsExchange\15.BitsExchange.csproj", "{8671587F-1259-4DBC-854B-5BD93D88190B}"
EndProject
Project("{FAE04EC0-301F-11D3-BF4B-00C04F79EFBC}") = "16.BitExchangeAdvanced", "BitExchangeAdvanced\16.BitExchangeAdvanced.csproj", "{97A7CE2D-87C5-4E8F-B5BA-0ACC4952A3AE}"
EndProject
Global
	GlobalSection(SolutionConfigurationPlatforms) = preSolution
		Debug|Any CPU = Debug|Any CPU
		Release|Any CPU = Release|Any CPU
	EndGlobalSection
	GlobalSection(ProjectConfigurationPlatforms) = postSolution
		{9522117C-00FA-4486-A7CD-1AB45C172AF1}.Debug|Any CPU.ActiveCfg = Debug|Any CPU
		{9522117C-00FA-4486-A7CD-1AB45C172AF1}.Debug|Any CPU.Build.0 = Debug|Any CPU
		{9522117C-00FA-4486-A7CD-1AB45C172AF1}.Release|Any CPU.ActiveCfg = Release|Any CPU
		{9522117C-00FA-4486-A7CD-1AB45C172AF1}.Release|Any CPU.Build.0 = Release|Any CPU
		{D7FF680F-3B3C-4AE3-932F-691494325212}.Debug|Any CPU.ActiveCfg = Debug|Any CPU
		{D7FF680F-3B3C-4AE3-932F-691494325212}.Debug|Any CPU.Build.0 = Debug|Any CPU
		{D7FF680F-3B3C-4AE3-932F-691494325212}.Release|Any CPU.ActiveCfg = Release|Any CPU
		{D7FF680F-3B3C-4AE3-932F-691494325212}.Release|Any CPU.Build.0 = Release|Any CPU
		{689F6F77-8669-4B85-AFF3-9D6726BD51D7}.Debug|Any CPU.ActiveCfg = Debug|Any CPU
		{689F6F77-8669-4B85-AFF3-9D6726BD51D7}.Debug|Any CPU.Build.0 = Debug|Any CPU
		{689F6F77-8669-4B85-AFF3-9D6726BD51D7}.Release|Any CPU.ActiveCfg = Release|Any CPU
		{689F6F77-8669-4B85-AFF3-9D6726BD51D7}.Release|Any CPU.Build.0 = Release|Any CPU
		{F61623FD-1AAA-4929-B38B-C6AB6B22718D}.Debug|Any CPU.ActiveCfg = Debug|Any CPU
		{F61623FD-1AAA-4929-B38B-C6AB6B22718D}.Debug|Any CPU.Build.0 = Debug|Any CPU
		{F61623FD-1AAA-4929-B38B-C6AB6B22718D}.Release|Any CPU.ActiveCfg = Release|Any CPU
		{F61623FD-1AAA-4929-B38B-C6AB6B22718D}.Release|Any CPU.Build.0 = Release|Any CPU
		{FD498C87-3006-4044-B0AA-AEF5F43262B6}.Debug|Any CPU.ActiveCfg = Debug|Any CPU
		{FD498C87-3006-4044-B0AA-AEF5F43262B6}.Debug|Any CPU.Build.0 = Debug|Any CPU
		{FD498C87-3006-4044-B0AA-AEF5F43262B6}.Release|Any CPU.ActiveCfg = Release|Any CPU
		{FD498C87-3006-4044-B0AA-AEF5F43262B6}.Release|Any CPU.Build.0 = Release|Any CPU
		{9A0003B7-1AF0-4E6E-ACEE-7F71B7C6AEDC}.Debug|Any CPU.ActiveCfg = Debug|Any CPU
		{9A0003B7-1AF0-4E6E-ACEE-7F71B7C6AEDC}.Debug|Any CPU.Build.0 = Debug|Any CPU
		{9A0003B7-1AF0-4E6E-ACEE-7F71B7C6AEDC}.Release|Any CPU.ActiveCfg = Release|Any CPU
		{9A0003B7-1AF0-4E6E-ACEE-7F71B7C6AEDC}.Release|Any CPU.Build.0 = Release|Any CPU
		{97EC43E9-915D-4A27-81E5-82C42D012360}.Debug|Any CPU.ActiveCfg = Debug|Any CPU
		{97EC43E9-915D-4A27-81E5-82C42D012360}.Debug|Any CPU.Build.0 = Debug|Any CPU
		{97EC43E9-915D-4A27-81E5-82C42D012360}.Release|Any CPU.ActiveCfg = Release|Any CPU
		{97EC43E9-915D-4A27-81E5-82C42D012360}.Release|Any CPU.Build.0 = Release|Any CPU
		{A5782E6A-78F4-4523-A8FC-9F6ED4234058}.Debug|Any CPU.ActiveCfg = Debug|Any CPU
		{A5782E6A-78F4-4523-A8FC-9F6ED4234058}.Debug|Any CPU.Build.0 = Debug|Any CPU
		{A5782E6A-78F4-4523-A8FC-9F6ED4234058}.Release|Any CPU.ActiveCfg = Release|Any CPU
		{A5782E6A-78F4-4523-A8FC-9F6ED4234058}.Release|Any CPU.Build.0 = Release|Any CPU
		{F05D0F94-C99F-48C4-AC1F-23D02492556B}.Debug|Any CPU.ActiveCfg = Debug|Any CPU
		{F05D0F94-C99F-48C4-AC1F-23D02492556B}.Debug|Any CPU.Build.0 = Debug|Any CPU
		{F05D0F94-C99F-48C4-AC1F-23D02492556B}.Release|Any CPU.ActiveCfg = Release|Any CPU
		{F05D0F94-C99F-48C4-AC1F-23D02492556B}.Release|Any CPU.Build.0 = Release|Any CPU
		{F90F90DC-CA12-418D-BE10-A960165AF048}.Debug|Any CPU.ActiveCfg = Debug|Any CPU
		{F90F90DC-CA12-418D-BE10-A960165AF048}.Debug|Any CPU.Build.0 = Debug|Any CPU
		{F90F90DC-CA12-418D-BE10-A960165AF048}.Release|Any CPU.ActiveCfg = Release|Any CPU
		{F90F90DC-CA12-418D-BE10-A960165AF048}.Release|Any CPU.Build.0 = Release|Any CPU
		{C3D2C1AC-DB8B-4E10-B941-4B27D0A23792}.Debug|Any CPU.ActiveCfg = Debug|Any CPU
		{C3D2C1AC-DB8B-4E10-B941-4B27D0A23792}.Debug|Any CPU.Build.0 = Debug|Any CPU
		{C3D2C1AC-DB8B-4E10-B941-4B27D0A23792}.Release|Any CPU.ActiveCfg = Release|Any CPU
		{C3D2C1AC-DB8B-4E10-B941-4B27D0A23792}.Release|Any CPU.Build.0 = Release|Any CPU
		{F3C98059-89A3-460E-8D2C-3F29EF02497F}.Debug|Any CPU.ActiveCfg = Debug|Any CPU
		{F3C98059-89A3-460E-8D2C-3F29EF02497F}.Debug|Any CPU.Build.0 = Debug|Any CPU
		{F3C98059-89A3-460E-8D2C-3F29EF02497F}.Release|Any CPU.ActiveCfg = Release|Any CPU
		{F3C98059-89A3-460E-8D2C-3F29EF02497F}.Release|Any CPU.Build.0 = Release|Any CPU
		{146F770F-1EFD-46B2-BFEF-FF14061BCEB6}.Debug|Any CPU.ActiveCfg = Debug|Any CPU
		{146F770F-1EFD-46B2-BFEF-FF14061BCEB6}.Debug|Any CPU.Build.0 = Debug|Any CPU
		{146F770F-1EFD-46B2-BFEF-FF14061BCEB6}.Release|Any CPU.ActiveCfg = Release|Any CPU
		{146F770F-1EFD-46B2-BFEF-FF14061BCEB6}.Release|Any CPU.Build.0 = Release|Any CPU
		{6753CFB4-1D2F-4A5F-8E5B-658B80E77ABB}.Debug|Any CPU.ActiveCfg = Debug|Any CPU
		{6753CFB4-1D2F-4A5F-8E5B-658B80E77ABB}.Debug|Any CPU.Build.0 = Debug|Any CPU
		{6753CFB4-1D2F-4A5F-8E5B-658B80E77ABB}.Release|Any CPU.ActiveCfg = Release|Any CPU
		{6753CFB4-1D2F-4A5F-8E5B-658B80E77ABB}.Release|Any CPU.Build.0 = Release|Any CPU
		{8671587F-1259-4DBC-854B-5BD93D88190B}.Debug|Any CPU.ActiveCfg = Debug|Any CPU
		{8671587F-1259-4DBC-854B-5BD93D88190B}.Debug|Any CPU.Build.0 = Debug|Any CPU
		{8671587F-1259-4DBC-854B-5BD93D88190B}.Release|Any CPU.ActiveCfg = Release|Any CPU
		{8671587F-1259-4DBC-854B-5BD93D88190B}.Release|Any CPU.Build.0 = Release|Any CPU
		{97A7CE2D-87C5-4E8F-B5BA-0ACC4952A3AE}.Debug|Any CPU.ActiveCfg = Debug|Any CPU
		{97A7CE2D-87C5-4E8F-B5BA-0ACC4952A3AE}.Debug|Any CPU.Build.0 = Debug|Any CPU
		{97A7CE2D-87C5-4E8F-B5BA-0ACC4952A3AE}.Release|Any CPU.ActiveCfg = Release|Any CPU
		{97A7CE2D-87C5-4E8F-B5BA-0ACC4952A3AE}.Release|Any CPU.Build.0 = Release|Any CPU
	EndGlobalSection
	GlobalSection(SolutionProperties) = preSolution
		HideSolutionNode = FALSE
	EndGlobalSection
EndGlobal
