
Microsoft Visual Studio Solution File, Format Version 12.00
# Visual Studio 2013
VisualStudioVersion = 12.0.21005.1
MinimumVisualStudioVersion = 10.0.40219.1
Project("{FAE04EC0-301F-11D3-BF4B-00C04F79EFBC}") = "05.PrintMyName", "PrintMyName\05.PrintMyName.csproj", "{592A0105-BB97-4217-B319-4B8F6820EA14}"
EndProject
Project("{FAE04EC0-301F-11D3-BF4B-00C04F79EFBC}") = "06.PrintNumbers", "PrintNumbers\06.PrintNumbers.csproj", "{0DB09772-683E-407A-82F4-B029971D691D}"
EndProject
Project("{FAE04EC0-301F-11D3-BF4B-00C04F79EFBC}") = "07.PrintFirstAndLastName", "PrintFirstAndLastName\07.PrintFirstAndLastName.csproj", "{350239DE-953C-46E7-A75F-C5E6C12B9544}"
EndProject
Project("{FAE04EC0-301F-11D3-BF4B-00C04F79EFBC}") = "08.SquareRoot", "SquareRoot\08.SquareRoot.csproj", "{7D5216BD-AE4F-4946-BAED-832D253DB2F7}"
EndProject
Project("{FAE04EC0-301F-11D3-BF4B-00C04F79EFBC}") = "09.PrintASequence", "PrintASequence\09.PrintASequence.csproj", "{9D4642D5-F2C2-47E3-9A55-CA7B7A9A1A7E}"
EndProject
Project("{FAE04EC0-301F-11D3-BF4B-00C04F79EFBC}") = "10.ReformatCSharpCode", "ReformatCSharpCode\10.ReformatCSharpCode.csproj", "{0E211689-BAA6-4D06-ACE9-A06A50B9E53C}"
EndProject
Project("{FAE04EC0-301F-11D3-BF4B-00C04F79EFBC}") = "14.CurrentDateAndTime", "CurrentDateAndTime\14.CurrentDateAndTime.csproj", "{BEC67361-20B9-456C-BB90-FC313ECE2C7F}"
EndProject
Project("{FAE04EC0-301F-11D3-BF4B-00C04F79EFBC}") = "15.AgeAfterTenYears", "AgeAfterTenYears\15.AgeAfterTenYears.csproj", "{2F8A308F-8EBF-42CB-8E33-220D1C0E8DB2}"
EndProject
Project("{FAE04EC0-301F-11D3-BF4B-00C04F79EFBC}") = "04.HelloWorld", "HelloWorld\04.HelloWorld.csproj", "{555D8EE4-7BB0-4DF5-B1E5-D1189374986D}"
EndProject
Project("{FAE04EC0-301F-11D3-BF4B-00C04F79EFBC}") = "16.PrintLongSequence", "PrintLongSequence\16.PrintLongSequence.csproj", "{5EAA9408-4817-4DC8-AD01-02BC6077AE84}"
EndProject
Global
	GlobalSection(SolutionConfigurationPlatforms) = preSolution
		Debug|Any CPU = Debug|Any CPU
		Release|Any CPU = Release|Any CPU
	EndGlobalSection
	GlobalSection(ProjectConfigurationPlatforms) = postSolution
		{592A0105-BB97-4217-B319-4B8F6820EA14}.Debug|Any CPU.ActiveCfg = Debug|Any CPU
		{592A0105-BB97-4217-B319-4B8F6820EA14}.Debug|Any CPU.Build.0 = Debug|Any CPU
		{592A0105-BB97-4217-B319-4B8F6820EA14}.Release|Any CPU.ActiveCfg = Release|Any CPU
		{592A0105-BB97-4217-B319-4B8F6820EA14}.Release|Any CPU.Build.0 = Release|Any CPU
		{0DB09772-683E-407A-82F4-B029971D691D}.Debug|Any CPU.ActiveCfg = Debug|Any CPU
		{0DB09772-683E-407A-82F4-B029971D691D}.Debug|Any CPU.Build.0 = Debug|Any CPU
		{0DB09772-683E-407A-82F4-B029971D691D}.Release|Any CPU.ActiveCfg = Release|Any CPU
		{0DB09772-683E-407A-82F4-B029971D691D}.Release|Any CPU.Build.0 = Release|Any CPU
		{350239DE-953C-46E7-A75F-C5E6C12B9544}.Debug|Any CPU.ActiveCfg = Debug|Any CPU
		{350239DE-953C-46E7-A75F-C5E6C12B9544}.Debug|Any CPU.Build.0 = Debug|Any CPU
		{350239DE-953C-46E7-A75F-C5E6C12B9544}.Release|Any CPU.ActiveCfg = Release|Any CPU
		{350239DE-953C-46E7-A75F-C5E6C12B9544}.Release|Any CPU.Build.0 = Release|Any CPU
		{7D5216BD-AE4F-4946-BAED-832D253DB2F7}.Debug|Any CPU.ActiveCfg = Debug|Any CPU
		{7D5216BD-AE4F-4946-BAED-832D253DB2F7}.Debug|Any CPU.Build.0 = Debug|Any CPU
		{7D5216BD-AE4F-4946-BAED-832D253DB2F7}.Release|Any CPU.ActiveCfg = Release|Any CPU
		{7D5216BD-AE4F-4946-BAED-832D253DB2F7}.Release|Any CPU.Build.0 = Release|Any CPU
		{9D4642D5-F2C2-47E3-9A55-CA7B7A9A1A7E}.Debug|Any CPU.ActiveCfg = Debug|Any CPU
		{9D4642D5-F2C2-47E3-9A55-CA7B7A9A1A7E}.Debug|Any CPU.Build.0 = Debug|Any CPU
		{9D4642D5-F2C2-47E3-9A55-CA7B7A9A1A7E}.Release|Any CPU.ActiveCfg = Release|Any CPU
		{9D4642D5-F2C2-47E3-9A55-CA7B7A9A1A7E}.Release|Any CPU.Build.0 = Release|Any CPU
		{0E211689-BAA6-4D06-ACE9-A06A50B9E53C}.Debug|Any CPU.ActiveCfg = Debug|Any CPU
		{0E211689-BAA6-4D06-ACE9-A06A50B9E53C}.Debug|Any CPU.Build.0 = Debug|Any CPU
		{0E211689-BAA6-4D06-ACE9-A06A50B9E53C}.Release|Any CPU.ActiveCfg = Release|Any CPU
		{0E211689-BAA6-4D06-ACE9-A06A50B9E53C}.Release|Any CPU.Build.0 = Release|Any CPU
		{BEC67361-20B9-456C-BB90-FC313ECE2C7F}.Debug|Any CPU.ActiveCfg = Debug|Any CPU
		{BEC67361-20B9-456C-BB90-FC313ECE2C7F}.Debug|Any CPU.Build.0 = Debug|Any CPU
		{BEC67361-20B9-456C-BB90-FC313ECE2C7F}.Release|Any CPU.ActiveCfg = Release|Any CPU
		{BEC67361-20B9-456C-BB90-FC313ECE2C7F}.Release|Any CPU.Build.0 = Release|Any CPU
		{2F8A308F-8EBF-42CB-8E33-220D1C0E8DB2}.Debug|Any CPU.ActiveCfg = Debug|Any CPU
		{2F8A308F-8EBF-42CB-8E33-220D1C0E8DB2}.Debug|Any CPU.Build.0 = Debug|Any CPU
		{2F8A308F-8EBF-42CB-8E33-220D1C0E8DB2}.Release|Any CPU.ActiveCfg = Release|Any CPU
		{2F8A308F-8EBF-42CB-8E33-220D1C0E8DB2}.Release|Any CPU.Build.0 = Release|Any CPU
		{555D8EE4-7BB0-4DF5-B1E5-D1189374986D}.Debug|Any CPU.ActiveCfg = Debug|Any CPU
		{555D8EE4-7BB0-4DF5-B1E5-D1189374986D}.Debug|Any CPU.Build.0 = Debug|Any CPU
		{555D8EE4-7BB0-4DF5-B1E5-D1189374986D}.Release|Any CPU.ActiveCfg = Release|Any CPU
		{555D8EE4-7BB0-4DF5-B1E5-D1189374986D}.Release|Any CPU.Build.0 = Release|Any CPU
		{5EAA9408-4817-4DC8-AD01-02BC6077AE84}.Debug|Any CPU.ActiveCfg = Debug|Any CPU
		{5EAA9408-4817-4DC8-AD01-02BC6077AE84}.Debug|Any CPU.Build.0 = Debug|Any CPU
		{5EAA9408-4817-4DC8-AD01-02BC6077AE84}.Release|Any CPU.ActiveCfg = Release|Any CPU
		{5EAA9408-4817-4DC8-AD01-02BC6077AE84}.Release|Any CPU.Build.0 = Release|Any CPU
	EndGlobalSection
	GlobalSection(SolutionProperties) = preSolution
		HideSolutionNode = FALSE
	EndGlobalSection
EndGlobal
