
Microsoft Visual Studio Solution File, Format Version 12.00
# Visual Studio 2013
VisualStudioVersion = 12.0.31101.0
MinimumVisualStudioVersion = 10.0.40219.1
Project("{FAE04EC0-301F-11D3-BF4B-00C04F79EFBC}") = "StudentSystem.Models", "StudentSystem.Models\StudentSystem.Models.csproj", "{F9DC3B81-C389-4426-8322-FB343F6E18E2}"
EndProject
Project("{FAE04EC0-301F-11D3-BF4B-00C04F79EFBC}") = "StudentSystem.Data", "StudentSystem.Data\StudentSystem.Data.csproj", "{FDB70E56-FB7C-4E54-98E6-D3D3D44BDE3B}"
EndProject
Project("{FAE04EC0-301F-11D3-BF4B-00C04F79EFBC}") = "StudentSystem.ConsoleClient", "StudentSystem.ConsoleClient\StudentSystem.ConsoleClient.csproj", "{300E5CF9-2183-449A-8F44-BF3D4E0E79F6}"
EndProject
Global
	GlobalSection(SolutionConfigurationPlatforms) = preSolution
		Debug|Any CPU = Debug|Any CPU
		Release|Any CPU = Release|Any CPU
	EndGlobalSection
	GlobalSection(ProjectConfigurationPlatforms) = postSolution
		{F9DC3B81-C389-4426-8322-FB343F6E18E2}.Debug|Any CPU.ActiveCfg = Debug|Any CPU
		{F9DC3B81-C389-4426-8322-FB343F6E18E2}.Debug|Any CPU.Build.0 = Debug|Any CPU
		{F9DC3B81-C389-4426-8322-FB343F6E18E2}.Release|Any CPU.ActiveCfg = Release|Any CPU
		{F9DC3B81-C389-4426-8322-FB343F6E18E2}.Release|Any CPU.Build.0 = Release|Any CPU
		{FDB70E56-FB7C-4E54-98E6-D3D3D44BDE3B}.Debug|Any CPU.ActiveCfg = Debug|Any CPU
		{FDB70E56-FB7C-4E54-98E6-D3D3D44BDE3B}.Debug|Any CPU.Build.0 = Debug|Any CPU
		{FDB70E56-FB7C-4E54-98E6-D3D3D44BDE3B}.Release|Any CPU.ActiveCfg = Release|Any CPU
		{FDB70E56-FB7C-4E54-98E6-D3D3D44BDE3B}.Release|Any CPU.Build.0 = Release|Any CPU
		{300E5CF9-2183-449A-8F44-BF3D4E0E79F6}.Debug|Any CPU.ActiveCfg = Debug|Any CPU
		{300E5CF9-2183-449A-8F44-BF3D4E0E79F6}.Debug|Any CPU.Build.0 = Debug|Any CPU
		{300E5CF9-2183-449A-8F44-BF3D4E0E79F6}.Release|Any CPU.ActiveCfg = Release|Any CPU
		{300E5CF9-2183-449A-8F44-BF3D4E0E79F6}.Release|Any CPU.Build.0 = Release|Any CPU
	EndGlobalSection
	GlobalSection(SolutionProperties) = preSolution
		HideSolutionNode = FALSE
	EndGlobalSection
EndGlobal
